
Microsoft Visual Studio Solution File, Format Version 12.00
Project("{FAE04EC0-301F-11D3-BF4B-00C04F79EFBC}") = "WpfApp10", "WpfApp10\WpfApp10.csproj", "{DA5C1579-798B-48CD-A32A-5FC0221D93BE}"
EndProject
Global
	GlobalSection(SolutionConfigurationPlatforms) = preSolution
		Debug|Any CPU = Debug|Any CPU
		Release|Any CPU = Release|Any CPU
	EndGlobalSection
	GlobalSection(ProjectConfigurationPlatforms) = postSolution
		{DA5C1579-798B-48CD-A32A-5FC0221D93BE}.Debug|Any CPU.ActiveCfg = Debug|Any CPU
		{DA5C1579-798B-48CD-A32A-5FC0221D93BE}.Debug|Any CPU.Build.0 = Debug|Any CPU
		{DA5C1579-798B-48CD-A32A-5FC0221D93BE}.Release|Any CPU.ActiveCfg = Release|Any CPU
		{DA5C1579-798B-48CD-A32A-5FC0221D93BE}.Release|Any CPU.Build.0 = Release|Any CPU
	EndGlobalSection
EndGlobal
